// !$*UTF8*$!
{
	archiveVersion = 1;
	classes = {
	};
	objectVersion = 50;
	objects = {

/* Begin PBXBuildFile section */
		6469313A23ADC91C0011D070 /* AppDelegate.swift in Sources */ = {isa = PBXBuildFile; fileRef = 6469313923ADC91C0011D070 /* AppDelegate.swift */; };
		6469313C23ADC91C0011D070 /* SceneDelegate.swift in Sources */ = {isa = PBXBuildFile; fileRef = 6469313B23ADC91C0011D070 /* SceneDelegate.swift */; };
		6469313E23ADC91C0011D070 /* ViewController.swift in Sources */ = {isa = PBXBuildFile; fileRef = 6469313D23ADC91C0011D070 /* ViewController.swift */; };
		6469314123ADC91C0011D070 /* Main.storyboard in Resources */ = {isa = PBXBuildFile; fileRef = 6469313F23ADC91C0011D070 /* Main.storyboard */; };
		6469314323ADC91D0011D070 /* Assets.xcassets in Resources */ = {isa = PBXBuildFile; fileRef = 6469314223ADC91D0011D070 /* Assets.xcassets */; };
		6469314623ADC91D0011D070 /* LaunchScreen.storyboard in Resources */ = {isa = PBXBuildFile; fileRef = 6469314423ADC91D0011D070 /* LaunchScreen.storyboard */; };
/* End PBXBuildFile section */

/* Begin PBXFileReference section */
		6469313623ADC91C0011D070 /* demo-babydate.app */ = {isa = PBXFileReference; explicitFileType = wrapper.application; includeInIndex = 0; path = "demo-babydate.app"; sourceTree = BUILT_PRODUCTS_DIR; };
		6469313923ADC91C0011D070 /* AppDelegate.swift */ = {isa = PBXFileReference; lastKnownFileType = sourcecode.swift; path = AppDelegate.swift; sourceTree = "<group>"; };
		6469313B23ADC91C0011D070 /* SceneDelegate.swift */ = {isa = PBXFileReference; lastKnownFileType = sourcecode.swift; path = SceneDelegate.swift; sourceTree = "<group>"; };
		6469313D23ADC91C0011D070 /* ViewController.swift */ = {isa = PBXFileReference; lastKnownFileType = sourcecode.swift; path = ViewController.swift; sourceTree = "<group>"; };
		6469314023ADC91C0011D070 /* Base */ = {isa = PBXFileReference; lastKnownFileType = file.storyboard; name = Base; path = Base.lproj/Main.storyboard; sourceTree = "<group>"; };
		6469314223ADC91D0011D070 /* Assets.xcassets */ = {isa = PBXFileReference; lastKnownFileType = folder.assetcatalog; path = Assets.xcassets; sourceTree = "<group>"; };
		6469314523ADC91D0011D070 /* Base */ = {isa = PBXFileReference; lastKnownFileType = file.storyboard; name = Base; path = Base.lproj/LaunchScreen.storyboard; sourceTree = "<group>"; };
		6469314723ADC91D0011D070 /* Info.plist */ = {isa = PBXFileReference; lastKnownFileType = text.plist.xml; path = Info.plist; sourceTree = "<group>"; };
/* End PBXFileReference section */

/* Begin PBXFrameworksBuildPhase section */
		6469313323ADC91C0011D070 /* Frameworks */ = {
			isa = PBXFrameworksBuildPhase;
			buildActionMask = 2147483647;
			files = (
			);
			runOnlyForDeploymentPostprocessing = 0;
		};
/* End PBXFrameworksBuildPhase section */

/* Begin PBXGroup section */
		6469312D23ADC91C0011D070 = {
			isa = PBXGroup;
			children = (
				6469313823ADC91C0011D070 /* demo-babydate */,
				6469313723ADC91C0011D070 /* Products */,
			);
			sourceTree = "<group>";
		};
		6469313723ADC91C0011D070 /* Products */ = {
			isa = PBXGroup;
			children = (
				6469313623ADC91C0011D070 /* demo-babydate.app */,
			);
			name = Products;
			sourceTree = "<group>";
		};
		6469313823ADC91C0011D070 /* demo-babydate */ = {
			isa = PBXGroup;
			children = (
				6469313923ADC91C0011D070 /* AppDelegate.swift */,
				6469313B23ADC91C0011D070 /* SceneDelegate.swift */,
				6469313D23ADC91C0011D070 /* ViewController.swift */,
				6469313F23ADC91C0011D070 /* Main.storyboard */,
				6469314223ADC91D0011D070 /* Assets.xcassets */,
				6469314423ADC91D0011D070 /* LaunchScreen.storyboard */,
				6469314723ADC91D0011D070 /* Info.plist */,
			);
			path = "demo-babydate";
			sourceTree = "<group>";
		};
/* End PBXGroup section */

/* Begin PBXNativeTarget section */
		6469313523ADC91C0011D070 /* demo-babydate */ = {
			isa = PBXNativeTarget;
			buildConfigurationList = 6469314A23ADC91D0011D070 /* Build configuration list for PBXNativeTarget "demo-babydate" */;
			buildPhases = (
				6469313223ADC91C0011D070 /* Sources */,
				6469313323ADC91C0011D070 /* Frameworks */,
				6469313423ADC91C0011D070 /* Resources */,
			);
			buildRules = (
			);
			dependencies = (
			);
			name = "demo-babydate";
			productName = "demo-babydate";
			productReference = 6469313623ADC91C0011D070 /* demo-babydate.app */;
			productType = "com.apple.product-type.application";
		};
/* End PBXNativeTarget section */

/* Begin PBXProject section */
		6469312E23ADC91C0011D070 /* Project object */ = {
			isa = PBXProject;
			attributes = {
				LastSwiftUpdateCheck = 1130;
				LastUpgradeCheck = 1130;
				ORGANIZATIONNAME = jeanwei;
				TargetAttributes = {
					6469313523ADC91C0011D070 = {
						CreatedOnToolsVersion = 11.3;
					};
				};
			};
			buildConfigurationList = 6469313123ADC91C0011D070 /* Build configuration list for PBXProject "demo-babydate" */;
			compatibilityVersion = "Xcode 9.3";
			developmentRegion = en;
			hasScannedForEncodings = 0;
			knownRegions = (
				en,
				Base,
			);
			mainGroup = 6469312D23ADC91C0011D070;
			productRefGroup = 6469313723ADC91C0011D070 /* Products */;
			projectDirPath = "";
			projectRoot = "";
			targets = (
				6469313523ADC91C0011D070 /* demo-babydate */,
			);
		};
/* End PBXProject section */

/* Begin PBXResourcesBuildPhase section */
		6469313423ADC91C0011D070 /* Resources */ = {
			isa = PBXResourcesBuildPhase;
			buildActionMask = 2147483647;
			files = (
				6469314623ADC91D0011D070 /* LaunchScreen.storyboard in Resources */,
				6469314323ADC91D0011D070 /* Assets.xcassets in Resources */,
				6469314123ADC91C0011D070 /* Main.storyboard in Resources */,
			);
			runOnlyForDeploymentPostprocessing = 0;
		};
/* End PBXResourcesBuildPhase section */

/* Begin PBXSourcesBuildPhase section */
		6469313223ADC91C0011D070 /* Sources */ = {
			isa = PBXSourcesBuildPhase;
			buildActionMask = 2147483647;
			files = (
				6469313E23ADC91C0011D070 /* ViewController.swift in Sources */,
				6469313A23ADC91C0011D070 /* AppDelegate.swift in Sources */,
				6469313C23ADC91C0011D070 /* SceneDelegate.swift in Sources */,
			);
			runOnlyForDeploymentPostprocessing = 0;
		};
/* End PBXSourcesBuildPhase section */

/* Begin PBXVariantGroup section */
		6469313F23ADC91C0011D070 /* Main.storyboard */ = {
			isa = PBXVariantGroup;
			children = (
				6469314023ADC91C0011D070 /* Base */,
			);
			name = Main.storyboard;
			sourceTree = "<group>";
		};
		6469314423ADC91D0011D070 /* LaunchScreen.storyboard */ = {
			isa = PBXVariantGroup;
			children = (
				6469314523ADC91D0011D070 /* Base */,
			);
			name = LaunchScreen.storyboard;
			sourceTree = "<group>";
		};
/* End PBXVariantGroup section */

/* Begin XCBuildConfiguration section */
		6469314823ADC91D0011D070 /* Debug */ = {
			isa = XCBuildConfiguration;
			buildSettings = {
				ALWAYS_SEARCH_USER_PATHS = NO;
				CLANG_ANALYZER_NONNULL = YES;
				CLANG_ANALYZER_NUMBER_OBJECT_CONVERSION = YES_AGGRESSIVE;
				CLANG_CXX_LANGUAGE_STANDARD = "gnu++14";
				CLANG_CXX_LIBRARY = "libc++";
				CLANG_ENABLE_MODULES = YES;
				CLANG_ENABLE_OBJC_ARC = YES;
				CLANG_ENABLE_OBJC_WEAK = YES;
				CLANG_WARN_BLOCK_CAPTURE_AUTORELEASING = YES;
				CLANG_WARN_BOOL_CONVERSION = YES;
				CLANG_WARN_COMMA = YES;
				CLANG_WARN_CONSTANT_CONVERSION = YES;
				CLANG_WARN_DEPRECATED_OBJC_IMPLEMENTATIONS = YES;
				CLANG_WARN_DIRECT_OBJC_ISA_USAGE = YES_ERROR;
				CLANG_WARN_DOCUMENTATION_COMMENTS = YES;
				CLANG_WARN_EMPTY_BODY = YES;
				CLANG_WARN_ENUM_CONVERSION = YES;
				CLANG_WARN_INFINITE_RECURSION = YES;
				CLANG_WARN_INT_CONVERSION = YES;
				CLANG_WARN_NON_LITERAL_NULL_CONVERSION = YES;
				CLANG_WARN_OBJC_IMPLICIT_RETAIN_SELF = YES;
				CLANG_WARN_OBJC_LITERAL_CONVERSION = YES;
				CLANG_WARN_OBJC_ROOT_CLASS = YES_ERROR;
				CLANG_WARN_RANGE_LOOP_ANALYSIS = YES;
				CLANG_WARN_STRICT_PROTOTYPES = YES;
				CLANG_WARN_SUSPICIOUS_MOVE = YES;
				CLANG_WARN_UNGUARDED_AVAILABILITY = YES_AGGRESSIVE;
				CLANG_WARN_UNREACHABLE_CODE = YES;
				CLANG_WARN__DUPLICATE_METHOD_MATCH = YES;
				COPY_PHASE_STRIP = NO;
				DEBUG_INFORMATION_FORMAT = dwarf;
				ENABLE_STRICT_OBJC_MSGSEND = YES;
				ENABLE_TESTABILITY = YES;
				GCC_C_LANGUAGE_STANDARD = gnu11;
				GCC_DYNAMIC_NO_PIC = NO;
				GCC_NO_COMMON_BLOCKS = YES;
				GCC_OPTIMIZATION_LEVEL = 0;
				GCC_PREPROCESSOR_DEFINITIONS = (
					"DEBUG=1",
					"$(inherited)",
				);
				GCC_WARN_64_TO_32_BIT_CONVERSION = YES;
				GCC_WARN_ABOUT_RETURN_TYPE = YES_ERROR;
				GCC_WARN_UNDECLARED_SELECTOR = YES;
				GCC_WARN_UNINITIALIZED_AUTOS = YES_AGGRESSIVE;
				GCC_WARN_UNUSED_FUNCTION = YES;
				GCC_WARN_UNUSED_VARIABLE = YES;
				IPHONEOS_DEPLOYMENT_TARGET = 13.2;
				MTL_ENABLE_DEBUG_INFO = INCLUDE_SOURCE;
				MTL_FAST_MATH = YES;
				ONLY_ACTIVE_ARCH = YES;
				SDKROOT = iphoneos;
				SWIFT_ACTIVE_COMPILATION_CONDITIONS = DEBUG;
				SWIFT_OPTIMIZATION_LEVEL = "-Onone";
			};
			name = Debug;
		};
		6469314923ADC91D0011D070 /* Release */ = {
			isa = XCBuildConfiguration;
			buildSettings = {
				ALWAYS_SEARCH_USER_PATHS = NO;
				CLANG_ANALYZER_NONNULL = YES;
				CLANG_ANALYZER_NUMBER_OBJECT_CONVERSION = YES_AGGRESSIVE;
				CLANG_CXX_LANGUAGE_STANDARD = "gnu++14";
				CLANG_CXX_LIBRARY = "libc++";
				CLANG_ENABLE_MODULES = YES;
				CLANG_ENABLE_OBJC_ARC = YES;
				CLANG_ENABLE_OBJC_WEAK = YES;
				CLANG_WARN_BLOCK_CAPTURE_AUTORELEASING = YES;
				CLANG_WARN_BOOL_CONVERSION = YES;
				CLANG_WARN_COMMA = YES;
				CLANG_WARN_CONSTANT_CONVERSION = YES;
				CLANG_WARN_DEPRECATED_OBJC_IMPLEMENTATIONS = YES;
				CLANG_WARN_DIRECT_OBJC_ISA_USAGE = YES_ERROR;
				CLANG_WARN_DOCUMENTATION_COMMENTS = YES;
				CLANG_WARN_EMPTY_BODY = YES;
				CLANG_WARN_ENUM_CONVERSION = YES;
				CLANG_WARN_INFINITE_RECURSION = YES;
				CLANG_WARN_INT_CONVERSION = YES;
				CLANG_WARN_NON_LITERAL_NULL_CONVERSION = YES;
				CLANG_WARN_OBJC_IMPLICIT_RETAIN_SELF = YES;
				CLANG_WARN_OBJC_LITERAL_CONVERSION = YES;
				CLANG_WARN_OBJC_ROOT_CLASS = YES_ERROR;
				CLANG_WARN_RANGE_LOOP_ANALYSIS = YES;
				CLANG_WARN_STRICT_PROTOTYPES = YES;
				CLANG_WARN_SUSPICIOUS_MOVE = YES;
				CLANG_WARN_UNGUARDED_AVAILABILITY = YES_AGGRESSIVE;
				CLANG_WARN_UNREACHABLE_CODE = YES;
				CLANG_WARN__DUPLICATE_METHOD_MATCH = YES;
				COPY_PHASE_STRIP = NO;
				DEBUG_INFORMATION_FORMAT = "dwarf-with-dsym";
				ENABLE_NS_ASSERTIONS = NO;
				ENABLE_STRICT_OBJC_MSGSEND = YES;
				GCC_C_LANGUAGE_STANDARD = gnu11;
				GCC_NO_COMMON_BLOCKS = YES;
				GCC_WARN_64_TO_32_BIT_CONVERSION = YES;
				GCC_WARN_ABOUT_RETURN_TYPE = YES_ERROR;
				GCC_WARN_UNDECLARED_SELECTOR = YES;
				GCC_WARN_UNINITIALIZED_AUTOS = YES_AGGRESSIVE;
				GCC_WARN_UNUSED_FUNCTION = YES;
				GCC_WARN_UNUSED_VARIABLE = YES;
				IPHONEOS_DEPLOYMENT_TARGET = 13.2;
				MTL_ENABLE_DEBUG_INFO = NO;
				MTL_FAST_MATH = YES;
				SDKROOT = iphoneos;
				SWIFT_COMPILATION_MODE = wholemodule;
				SWIFT_OPTIMIZATION_LEVEL = "-O";
				VALIDATE_PRODUCT = YES;
			};
			name = Release;
		};
		6469314B23ADC91D0011D070 /* Debug */ = {
			isa = XCBuildConfiguration;
			buildSettings = {
				ASSETCATALOG_COMPILER_APPICON_NAME = AppIcon;
				CODE_SIGN_STYLE = Automatic;
				DEVELOPMENT_TEAM = 88798U6G2S;
				INFOPLIST_FILE = "demo-babydate/Info.plist";
				LD_RUNPATH_SEARCH_PATHS = (
					"$(inherited)",
					"@executable_path/Frameworks",
				);
				PRODUCT_BUNDLE_IDENTIFIER = "jeanwei.com.demo-babydate";
				PRODUCT_NAME = "$(TARGET_NAME)";
				SWIFT_VERSION = 5.0;
				TARGETED_DEVICE_FAMILY = "1,2";
			};
			name = Debug;
		};
		6469314C23ADC91D0011D070 /* Release */ = {
			isa = XCBuildConfiguration;
			buildSettings = {
				ASSETCATALOG_COMPILER_APPICON_NAME = AppIcon;
				CODE_SIGN_STYLE = Automatic;
				DEVELOPMENT_TEAM = 88798U6G2S;
				INFOPLIST_FILE = "demo-babydate/Info.plist";
				LD_RUNPATH_SEARCH_PATHS = (
					"$(inherited)",
					"@executable_path/Frameworks",
				);
				PRODUCT_BUNDLE_IDENTIFIER = "jeanwei.com.demo-babydate";
				PRODUCT_NAME = "$(TARGET_NAME)";
				SWIFT_VERSION = 5.0;
				TARGETED_DEVICE_FAMILY = "1,2";
			};
			name = Release;
		};
/* End XCBuildConfiguration section */

/* Begin XCConfigurationList section */
		6469313123ADC91C0011D070 /* Build configuration list for PBXProject "demo-babydate" */ = {
			isa = XCConfigurationList;
			buildConfigurations = (
				6469314823ADC91D0011D070 /* Debug */,
				6469314923ADC91D0011D070 /* Release */,
			);
			defaultConfigurationIsVisible = 0;
			defaultConfigurationName = Release;
		};
		6469314A23ADC91D0011D070 /* Build configuration list for PBXNativeTarget "demo-babydate" */ = {
			isa = XCConfigurationList;
			buildConfigurations = (
				6469314B23ADC91D0011D070 /* Debug */,
				6469314C23ADC91D0011D070 /* Release */,
			);
			defaultConfigurationIsVisible = 0;
			defaultConfigurationName = Release;
		};
/* End XCConfigurationList section */
	};
	rootObject = 6469312E23ADC91C0011D070 /* Project object */;
}
